
Microsoft Visual Studio Solution File, Format Version 12.00
# Visual Studio Version 17
VisualStudioVersion = 17.6.33815.320
MinimumVisualStudioVersion = 10.0.40219.1
Project("{FAE04EC0-301F-11D3-BF4B-00C04F79EFBC}") = "230717", "230717.csproj", "{DF624EA0-79E7-4044-8D20-640033036D97}"
EndProject
Global
	GlobalSection(SolutionConfigurationPlatforms) = preSolution
		Debug|Any CPU = Debug|Any CPU
		Release|Any CPU = Release|Any CPU
	EndGlobalSection
	GlobalSection(ProjectConfigurationPlatforms) = postSolution
		{DF624EA0-79E7-4044-8D20-640033036D97}.Debug|Any CPU.ActiveCfg = Debug|Any CPU
		{DF624EA0-79E7-4044-8D20-640033036D97}.Debug|Any CPU.Build.0 = Debug|Any CPU
		{DF624EA0-79E7-4044-8D20-640033036D97}.Release|Any CPU.ActiveCfg = Release|Any CPU
		{DF624EA0-79E7-4044-8D20-640033036D97}.Release|Any CPU.Build.0 = Release|Any CPU
	EndGlobalSection
	GlobalSection(SolutionProperties) = preSolution
		HideSolutionNode = FALSE
	EndGlobalSection
	GlobalSection(ExtensibilityGlobals) = postSolution
		SolutionGuid = {939E20A6-2D0D-45C4-ABD1-7C5D36EF7C83}
	EndGlobalSection
EndGlobal
